Microsoft Visual Studio Solution File, Format Version 8.00
Project("{FAE04EC0-301F-11D3-BF4B-00C04F79EFBC}") = "Jayrock Test", "Jayrock\Jayrock Test.csproj", "{DA5DD836-2530-4E76-9B76-1AAB3BE6A946}"
	ProjectSection(ProjectDependencies) = postProject
	EndProjectSection
EndProject
Global
	GlobalSection(SolutionConfiguration) = preSolution
		Test = Test
	EndGlobalSection
	GlobalSection(ProjectDependencies) = postSolution
	EndGlobalSection
	GlobalSection(ProjectConfiguration) = postSolution
		{DA5DD836-2530-4E76-9B76-1AAB3BE6A946}.Test.ActiveCfg = Test|.NET
		{DA5DD836-2530-4E76-9B76-1AAB3BE6A946}.Test.Build.0 = Test|.NET
	EndGlobalSection
	GlobalSection(ExtensibilityGlobals) = postSolution
	EndGlobalSection
	GlobalSection(ExtensibilityAddIns) = postSolution
	EndGlobalSection
EndGlobal
